
Microsoft Visual Studio Solution File, Format Version 12.00
# Visual Studio Version 16
VisualStudioVersion = 16.0.30523.141
MinimumVisualStudioVersion = 10.0.40219.1
Project("{FAE04EC0-301F-11D3-BF4B-00C04F79EFBC}") = "PasswordManager", "PasswordManager\PasswordManager.csproj", "{4056151E-4E62-420A-8900-E60EE188B1CA}"
EndProject
Global
	GlobalSection(SolutionConfigurationPlatforms) = preSolution
		Debug|Any CPU = Debug|Any CPU
		Debug|x86 = Debug|x86
		Release|Any CPU = Release|Any CPU
		Release|x86 = Release|x86
	EndGlobalSection
	GlobalSection(ProjectConfigurationPlatforms) = postSolution
		{4056151E-4E62-420A-8900-E60EE188B1CA}.Debug|Any CPU.ActiveCfg = Debug|Any CPU
		{4056151E-4E62-420A-8900-E60EE188B1CA}.Debug|Any CPU.Build.0 = Debug|Any CPU
		{4056151E-4E62-420A-8900-E60EE188B1CA}.Debug|x86.ActiveCfg = Debug|Any CPU
		{4056151E-4E62-420A-8900-E60EE188B1CA}.Debug|x86.Build.0 = Debug|Any CPU
		{4056151E-4E62-420A-8900-E60EE188B1CA}.Release|Any CPU.ActiveCfg = Release|Any CPU
		{4056151E-4E62-420A-8900-E60EE188B1CA}.Release|Any CPU.Build.0 = Release|Any CPU
		{4056151E-4E62-420A-8900-E60EE188B1CA}.Release|x86.ActiveCfg = Release|Any CPU
		{4056151E-4E62-420A-8900-E60EE188B1CA}.Release|x86.Build.0 = Release|Any CPU
	EndGlobalSection
	GlobalSection(SolutionProperties) = preSolution
		HideSolutionNode = FALSE
	EndGlobalSection
	GlobalSection(ExtensibilityGlobals) = postSolution
		SolutionGuid = {25B277A2-7E8B-4B5C-96FC-E5E0AD379D93}
	EndGlobalSection
EndGlobal
